
Microsoft Visual Studio Solution File, Format Version 12.00
# Visual Studio Version 16
VisualStudioVersion = 16.0.29102.190
MinimumVisualStudioVersion = 10.0.40219.1
Project("{FAE04EC0-301F-11D3-BF4B-00C04F79EFBC}") = "assignmentOneEx3Triangle", "assignmentOneEx3Triangle\assignmentOneEx3Triangle.csproj", "{4143C70A-C087-4859-A2C7-D40EB3D6312F}"
EndProject
Global
	GlobalSection(SolutionConfigurationPlatforms) = preSolution
		Debug|Any CPU = Debug|Any CPU
		Release|Any CPU = Release|Any CPU
	EndGlobalSection
	GlobalSection(ProjectConfigurationPlatforms) = postSolution
		{4143C70A-C087-4859-A2C7-D40EB3D6312F}.Debug|Any CPU.ActiveCfg = Debug|Any CPU
		{4143C70A-C087-4859-A2C7-D40EB3D6312F}.Debug|Any CPU.Build.0 = Debug|Any CPU
		{4143C70A-C087-4859-A2C7-D40EB3D6312F}.Release|Any CPU.ActiveCfg = Release|Any CPU
		{4143C70A-C087-4859-A2C7-D40EB3D6312F}.Release|Any CPU.Build.0 = Release|Any CPU
	EndGlobalSection
	GlobalSection(SolutionProperties) = preSolution
		HideSolutionNode = FALSE
	EndGlobalSection
	GlobalSection(ExtensibilityGlobals) = postSolution
		SolutionGuid = {6FA80EEC-3726-4EB3-8218-00D2FBCF42F1}
	EndGlobalSection
EndGlobal
